// !$*UTF8*$!
{
	archiveVersion = 1;
	classes = {
	};
	objectVersion = 46;
	objects = {

/* Begin PBXBuildFile section */
		18655B5517F14BE8007BD9CB /* SignUpViewController.m in Sources */ = {isa = PBXBuildFile; fileRef = 18655B5417F14BE8007BD9CB /* SignUpViewController.m */; };
		18655B5717F1A18B007BD9CB /* MainStoryboard_iphone5.storyboard in Resources */ = {isa = PBXBuildFile; fileRef = 18655B5617F1A18B007BD9CB /* MainStoryboard_iphone5.storyboard */; };
		18655B5F17F29728007BD9CB /* email.png in Resources */ = {isa = PBXBuildFile; fileRef = 18655B5C17F29725007BD9CB /* email.png */; };
		18655B6017F29728007BD9CB /* lock.png in Resources */ = {isa = PBXBuildFile; fileRef = 18655B5D17F29726007BD9CB /* lock.png */; };
		18655B6117F29728007BD9CB /* user.png in Resources */ = {isa = PBXBuildFile; fileRef = 18655B5E17F29727007BD9CB /* user.png */; };
		18655B6517F2AC31007BD9CB /* back.png in Resources */ = {isa = PBXBuildFile; fileRef = 18655B6417F2AC31007BD9CB /* back.png */; };
		18655B6717F2AE0C007BD9CB /* signup.png in Resources */ = {isa = PBXBuildFile; fileRef = 18655B6617F2AE0C007BD9CB /* signup.png */; };
		18655B6917F2AFBD007BD9CB /* Button.png in Resources */ = {isa = PBXBuildFile; fileRef = 18655B6817F2AFBD007BD9CB /* Button.png */; };
		18655B6D17F2B654007BD9CB /* home_w.png in Resources */ = {isa = PBXBuildFile; fileRef = 18655B6C17F2B654007BD9CB /* home_w.png */; };
		18655B6F17F2B76D007BD9CB /* toolbar_home.png in Resources */ = {isa = PBXBuildFile; fileRef = 18655B6E17F2B76D007BD9CB /* toolbar_home.png */; };
		3DE3B88A17F547C600AB0E57 /* dropdown.png in Resources */ = {isa = PBXBuildFile; fileRef = 3DE3B88917F547C600AB0E57 /* dropdown.png */; };
		3DE5010C17F1215800FCB0F7 /* UIKit.framework in Frameworks */ = {isa = PBXBuildFile; fileRef = 3DE5010B17F1215800FCB0F7 /* UIKit.framework */; };
		3DE5010E17F1215800FCB0F7 /* Foundation.framework in Frameworks */ = {isa = PBXBuildFile; fileRef = 3DE5010D17F1215800FCB0F7 /* Foundation.framework */; };
		3DE5011017F1215800FCB0F7 /* CoreGraphics.framework in Frameworks */ = {isa = PBXBuildFile; fileRef = 3DE5010F17F1215800FCB0F7 /* CoreGraphics.framework */; };
		3DE5011617F1215800FCB0F7 /* InfoPlist.strings in Resources */ = {isa = PBXBuildFile; fileRef = 3DE5011417F1215800FCB0F7 /* InfoPlist.strings */; };
		3DE5011817F1215800FCB0F7 /* main.m in Sources */ = {isa = PBXBuildFile; fileRef = 3DE5011717F1215800FCB0F7 /* main.m */; };
		3DE5011C17F1215800FCB0F7 /* FreelAppDelegate.m in Sources */ = {isa = PBXBuildFile; fileRef = 3DE5011B17F1215800FCB0F7 /* FreelAppDelegate.m */; };
		3DE5011E17F1215800FCB0F7 /* Default.png in Resources */ = {isa = PBXBuildFile; fileRef = 3DE5011D17F1215800FCB0F7 /* Default.png */; };
		3DE5012017F1215800FCB0F7 /* Default@2x.png in Resources */ = {isa = PBXBuildFile; fileRef = 3DE5011F17F1215800FCB0F7 /* Default@2x.png */; };
		3DE5012217F1215800FCB0F7 /* Default-568h@2x.png in Resources */ = {isa = PBXBuildFile; fileRef = 3DE5012117F1215800FCB0F7 /* Default-568h@2x.png */; };
		3DE5012517F1215800FCB0F7 /* MainStoryboard_iPhone.storyboard in Resources */ = {isa = PBXBuildFile; fileRef = 3DE5012317F1215800FCB0F7 /* MainStoryboard_iPhone.storyboard */; };
		3DE5012817F1215800FCB0F7 /* MainStoryboard_iPad.storyboard in Resources */ = {isa = PBXBuildFile; fileRef = 3DE5012617F1215800FCB0F7 /* MainStoryboard_iPad.storyboard */; };
		3DE5012B17F1215800FCB0F7 /* FreelViewController.m in Sources */ = {isa = PBXBuildFile; fileRef = 3DE5012A17F1215800FCB0F7 /* FreelViewController.m */; };
		3DE5015A17F1229200FCB0F7 /* back3.png in Resources */ = {isa = PBXBuildFile; fileRef = 3DE5013517F1229100FCB0F7 /* back3.png */; };
		3DE5015B17F1229200FCB0F7 /* backarrow.png in Resources */ = {isa = PBXBuildFile; fileRef = 3DE5013617F1229100FCB0F7 /* backarrow.png */; };
		3DE5015C17F1229200FCB0F7 /* background..jpg in Resources */ = {isa = PBXBuildFile; fileRef = 3DE5013717F1229100FCB0F7 /* background..jpg */; };
		3DE5015D17F1229200FCB0F7 /* ballon.png in Resources */ = {isa = PBXBuildFile; fileRef = 3DE5013817F1229100FCB0F7 /* ballon.png */; };
		3DE5015E17F1229200FCB0F7 /* blue.png in Resources */ = {isa = PBXBuildFile; fileRef = 3DE5013917F1229100FCB0F7 /* blue.png */; };
		3DE5015F17F1229200FCB0F7 /* button_back.png in Resources */ = {isa = PBXBuildFile; fileRef = 3DE5013A17F1229100FCB0F7 /* button_back.png */; };
		3DE5016017F1229200FCB0F7 /* deepseafish.png in Resources */ = {isa = PBXBuildFile; fileRef = 3DE5013B17F1229100FCB0F7 /* deepseafish.png */; };
		3DE5016117F1229200FCB0F7 /* deepseaship.png in Resources */ = {isa = PBXBuildFile; fileRef = 3DE5013C17F1229100FCB0F7 /* deepseaship.png */; };
		3DE5016217F1229200FCB0F7 /* dolar.png in Resources */ = {isa = PBXBuildFile; fileRef = 3DE5013D17F1229100FCB0F7 /* dolar.png */; };
		3DE5016317F1229200FCB0F7 /* earnfish.png in Resources */ = {isa = PBXBuildFile; fileRef = 3DE5013E17F1229100FCB0F7 /* earnfish.png */; };
		3DE5016417F1229200FCB0F7 /* fblogo.png in Resources */ = {isa = PBXBuildFile; fileRef = 3DE5013F17F1229100FCB0F7 /* fblogo.png */; };
		3DE5016517F1229200FCB0F7 /* fish1.png in Resources */ = {isa = PBXBuildFile; fileRef = 3DE5014017F1229100FCB0F7 /* fish1.png */; };
		3DE5016617F1229200FCB0F7 /* fish2.png in Resources */ = {isa = PBXBuildFile; fileRef = 3DE5014117F1229100FCB0F7 /* fish2.png */; };
		3DE5016717F1229200FCB0F7 /* fish3.png in Resources */ = {isa = PBXBuildFile; fileRef = 3DE5014217F1229100FCB0F7 /* fish3.png */; };
		3DE5016817F1229200FCB0F7 /* fish22.png in Resources */ = {isa = PBXBuildFile; fileRef = 3DE5014317F1229100FCB0F7 /* fish22.png */; };
		3DE5016917F1229200FCB0F7 /* friendzoom.png in Resources */ = {isa = PBXBuildFile; fileRef = 3DE5014417F1229100FCB0F7 /* friendzoom.png */; };
		3DE5016A17F1229200FCB0F7 /* homebutton.png in Resources */ = {isa = PBXBuildFile; fileRef = 3DE5014517F1229100FCB0F7 /* homebutton.png */; };
		3DE5016B17F1229200FCB0F7 /* homefish.png in Resources */ = {isa = PBXBuildFile; fileRef = 3DE5014617F1229100FCB0F7 /* homefish.png */; };
		3DE5016C17F1229200FCB0F7 /* line.png in Resources */ = {isa = PBXBuildFile; fileRef = 3DE5014717F1229100FCB0F7 /* line.png */; };
		3DE5016D17F1229200FCB0F7 /* logo.png in Resources */ = {isa = PBXBuildFile; fileRef = 3DE5014817F1229100FCB0F7 /* logo.png */; };
		3DE5016E17F1229200FCB0F7 /* navbar_bg.png in Resources */ = {isa = PBXBuildFile; fileRef = 3DE5014917F1229200FCB0F7 /* navbar_bg.png */; };
		3DE5016F17F1229200FCB0F7 /* net.png in Resources */ = {isa = PBXBuildFile; fileRef = 3DE5014A17F1229200FCB0F7 /* net.png */; };
		3DE5017017F1229200FCB0F7 /* nextarrow.png in Resources */ = {isa = PBXBuildFile; fileRef = 3DE5014B17F1229200FCB0F7 /* nextarrow.png */; };
		3DE5017117F1229200FCB0F7 /* note.png in Resources */ = {isa = PBXBuildFile; fileRef = 3DE5014C17F1229200FCB0F7 /* note.png */; };
		3DE5017217F1229200FCB0F7 /* part1a.png in Resources */ = {isa = PBXBuildFile; fileRef = 3DE5014D17F1229200FCB0F7 /* part1a.png */; };
		3DE5017317F1229200FCB0F7 /* part3.png in Resources */ = {isa = PBXBuildFile; fileRef = 3DE5014E17F1229200FCB0F7 /* part3.png */; };
		3DE5017417F1229200FCB0F7 /* pointer.png in Resources */ = {isa = PBXBuildFile; fileRef = 3DE5014F17F1229200FCB0F7 /* pointer.png */; };
		3DE5017517F1229200FCB0F7 /* space.png in Resources */ = {isa = PBXBuildFile; fileRef = 3DE5015017F1229200FCB0F7 /* space.png */; };
		3DE5017617F1229200FCB0F7 /* tab1.png in Resources */ = {isa = PBXBuildFile; fileRef = 3DE5015117F1229200FCB0F7 /* tab1.png */; };
		3DE5017717F1229200FCB0F7 /* tab2.png in Resources */ = {isa = PBXBuildFile; fileRef = 3DE5015217F1229200FCB0F7 /* tab2.png */; };
		3DE5017817F1229200FCB0F7 /* tab3.png in Resources */ = {isa = PBXBuildFile; fileRef = 3DE5015317F1229200FCB0F7 /* tab3.png */; };
		3DE5017917F1229200FCB0F7 /* tab4.png in Resources */ = {isa = PBXBuildFile; fileRef = 3DE5015417F1229200FCB0F7 /* tab4.png */; };
		3DE5017A17F1229200FCB0F7 /* tablearrow.png in Resources */ = {isa = PBXBuildFile; fileRef = 3DE5015517F1229200FCB0F7 /* tablearrow.png */; };
		3DE5017C17F1229200FCB0F7 /* virool.png in Resources */ = {isa = PBXBuildFile; fileRef = 3DE5015717F1229200FCB0F7 /* virool.png */; };
		3DE5017D17F1229200FCB0F7 /* wel_button.png in Resources */ = {isa = PBXBuildFile; fileRef = 3DE5015817F1229200FCB0F7 /* wel_button.png */; };
		3DE5017E17F1229200FCB0F7 /* woarms.png in Resources */ = {isa = PBXBuildFile; fileRef = 3DE5015917F1229200FCB0F7 /* woarms.png */; };
/* End PBXBuildFile section */

/* Begin PBXFileReference section */
		18655B5317F14BE8007BD9CB /* SignUpViewController.h */ = {isa = PBXFileReference; fileEncoding = 4; lastKnownFileType = sourcecode.c.h; path = SignUpViewController.h; sourceTree = "<group>"; };
		18655B5417F14BE8007BD9CB /* SignUpViewController.m */ = {isa = PBXFileReference; fileEncoding = 4; lastKnownFileType = sourcecode.c.objc; path = SignUpViewController.m; sourceTree = "<group>"; };
		18655B5617F1A18B007BD9CB /* MainStoryboard_iphone5.storyboard */ = {isa = PBXFileReference; fileEncoding = 4; lastKnownFileType = file.storyboard; path = MainStoryboard_iphone5.storyboard; sourceTree = "<group>"; };
		18655B5C17F29725007BD9CB /* email.png */ = {isa = PBXFileReference; lastKnownFileType = image.png; path = email.png; sourceTree = "<group>"; };
		18655B5D17F29726007BD9CB /* lock.png */ = {isa = PBXFileReference; lastKnownFileType = image.png; path = lock.png; sourceTree = "<group>"; };
		18655B5E17F29727007BD9CB /* user.png */ = {isa = PBXFileReference; lastKnownFileType = image.png; path = user.png; sourceTree = "<group>"; };
		18655B6417F2AC31007BD9CB /* back.png */ = {isa = PBXFileReference; lastKnownFileType = image.png; path = back.png; sourceTree = "<group>"; };
		18655B6617F2AE0C007BD9CB /* signup.png */ = {isa = PBXFileReference; lastKnownFileType = image.png; path = signup.png; sourceTree = "<group>"; };
		18655B6817F2AFBD007BD9CB /* Button.png */ = {isa = PBXFileReference; lastKnownFileType = image.png; path = Button.png; sourceTree = "<group>"; };
		18655B6C17F2B654007BD9CB /* home_w.png */ = {isa = PBXFileReference; lastKnownFileType = image.png; path = home_w.png; sourceTree = "<group>"; };
		18655B6E17F2B76D007BD9CB /* toolbar_home.png */ = {isa = PBXFileReference; lastKnownFileType = image.png; path = toolbar_home.png; sourceTree = "<group>"; };
		3DE3B88917F547C600AB0E57 /* dropdown.png */ = {isa = PBXFileReference; lastKnownFileType = image.png; path = dropdown.png; sourceTree = "<group>"; };
		3DE5010817F1215800FCB0F7 /* Freel.app */ = {isa = PBXFileReference; explicitFileType = wrapper.application; includeInIndex = 0; path = Freel.app; sourceTree = BUILT_PRODUCTS_DIR; };
		3DE5010B17F1215800FCB0F7 /* UIKit.framework */ = {isa = PBXFileReference; lastKnownFileType = wrapper.framework; name = UIKit.framework; path = System/Library/Frameworks/UIKit.framework; sourceTree = SDKROOT; };
		3DE5010D17F1215800FCB0F7 /* Foundation.framework */ = {isa = PBXFileReference; lastKnownFileType = wrapper.framework; name = Foundation.framework; path = System/Library/Frameworks/Foundation.framework; sourceTree = SDKROOT; };
		3DE5010F17F1215800FCB0F7 /* CoreGraphics.framework */ = {isa = PBXFileReference; lastKnownFileType = wrapper.framework; name = CoreGraphics.framework; path = System/Library/Frameworks/CoreGraphics.framework; sourceTree = SDKROOT; };
		3DE5011317F1215800FCB0F7 /* Freel-Info.plist */ = {isa = PBXFileReference; lastKnownFileType = text.plist.xml; path = "Freel-Info.plist"; sourceTree = "<group>"; };
		3DE5011517F1215800FCB0F7 /* en */ = {isa = PBXFileReference; lastKnownFileType = text.plist.strings; name = en; path = en.lproj/InfoPlist.strings; sourceTree = "<group>"; };
		3DE5011717F1215800FCB0F7 /* main.m */ = {isa = PBXFileReference; lastKnownFileType = sourcecode.c.objc; path = main.m; sourceTree = "<group>"; };
		3DE5011917F1215800FCB0F7 /* Freel-Prefix.pch */ = {isa = PBXFileReference; lastKnownFileType = sourcecode.c.h; path = "Freel-Prefix.pch"; sourceTree = "<group>"; };
		3DE5011A17F1215800FCB0F7 /* FreelAppDelegate.h */ = {isa = PBXFileReference; lastKnownFileType = sourcecode.c.h; path = FreelAppDelegate.h; sourceTree = "<group>"; };
		3DE5011B17F1215800FCB0F7 /* FreelAppDelegate.m */ = {isa = PBXFileReference; lastKnownFileType = sourcecode.c.objc; path = FreelAppDelegate.m; sourceTree = "<group>"; };
		3DE5011D17F1215800FCB0F7 /* Default.png */ = {isa = PBXFileReference; lastKnownFileType = image.png; path = Default.png; sourceTree = "<group>"; };
		3DE5011F17F1215800FCB0F7 /* Default@2x.png */ = {isa = PBXFileReference; lastKnownFileType = image.png; path = "Default@2x.png"; sourceTree = "<group>"; };
		3DE5012117F1215800FCB0F7 /* Default-568h@2x.png */ = {isa = PBXFileReference; lastKnownFileType = image.png; path = "Default-568h@2x.png"; sourceTree = "<group>"; };
		3DE5012417F1215800FCB0F7 /* en */ = {isa = PBXFileReference; lastKnownFileType = file.storyboard; name = en; path = en.lproj/MainStoryboard_iPhone.storyboard; sourceTree = "<group>"; };
		3DE5012717F1215800FCB0F7 /* en */ = {isa = PBXFileReference; lastKnownFileType = file.storyboard; name = en; path = en.lproj/MainStoryboard_iPad.storyboard; sourceTree = "<group>"; };
		3DE5012917F1215800FCB0F7 /* FreelViewController.h */ = {isa = PBXFileReference; lastKnownFileType = sourcecode.c.h; path = FreelViewController.h; sourceTree = "<group>"; };
		3DE5012A17F1215800FCB0F7 /* FreelViewController.m */ = {isa = PBXFileReference; lastKnownFileType = sourcecode.c.objc; path = FreelViewController.m; sourceTree = "<group>"; };
		3DE5013517F1229100FCB0F7 /* back3.png */ = {isa = PBXFileReference; lastKnownFileType = image.png; path = back3.png; sourceTree = "<group>"; };
		3DE5013617F1229100FCB0F7 /* backarrow.png */ = {isa = PBXFileReference; lastKnownFileType = image.png; path = backarrow.png; sourceTree = "<group>"; };
		3DE5013717F1229100FCB0F7 /* background..jpg */ = {isa = PBXFileReference; lastKnownFileType = image.jpeg; path = background..jpg; sourceTree = "<group>"; };
		3DE5013817F1229100FCB0F7 /* ballon.png */ = {isa = PBXFileReference; lastKnownFileType = image.png; path = ballon.png; sourceTree = "<group>"; };
		3DE5013917F1229100FCB0F7 /* blue.png */ = {isa = PBXFileReference; lastKnownFileType = image.png; path = blue.png; sourceTree = "<group>"; };
		3DE5013A17F1229100FCB0F7 /* button_back.png */ = {isa = PBXFileReference; lastKnownFileType = image.png; path = button_back.png; sourceTree = "<group>"; };
		3DE5013B17F1229100FCB0F7 /* deepseafish.png */ = {isa = PBXFileReference; lastKnownFileType = image.png; path = deepseafish.png; sourceTree = "<group>"; };
		3DE5013C17F1229100FCB0F7 /* deepseaship.png */ = {isa = PBXFileReference; lastKnownFileType = image.png; path = deepseaship.png; sourceTree = "<group>"; };
		3DE5013D17F1229100FCB0F7 /* dolar.png */ = {isa = PBXFileReference; lastKnownFileType = image.png; path = dolar.png; sourceTree = "<group>"; };
		3DE5013E17F1229100FCB0F7 /* earnfish.png */ = {isa = PBXFileReference; lastKnownFileType = image.png; path = earnfish.png; sourceTree = "<group>"; };
		3DE5013F17F1229100FCB0F7 /* fblogo.png */ = {isa = PBXFileReference; lastKnownFileType = image.png; path = fblogo.png; sourceTree = "<group>"; };
		3DE5014017F1229100FCB0F7 /* fish1.png */ = {isa = PBXFileReference; lastKnownFileType = image.png; path = fish1.png; sourceTree = "<group>"; };
		3DE5014117F1229100FCB0F7 /* fish2.png */ = {isa = PBXFileReference; lastKnownFileType = image.png; path = fish2.png; sourceTree = "<group>"; };
		3DE5014217F1229100FCB0F7 /* fish3.png */ = {isa = PBXFileReference; lastKnownFileType = image.png; path = fish3.png; sourceTree = "<group>"; };
		3DE5014317F1229100FCB0F7 /* fish22.png */ = {isa = PBXFileReference; lastKnownFileType = image.png; path = fish22.png; sourceTree = "<group>"; };
		3DE5014417F1229100FCB0F7 /* friendzoom.png */ = {isa = PBXFileReference; lastKnownFileType = image.png; path = friendzoom.png; sourceTree = "<group>"; };
		3DE5014517F1229100FCB0F7 /* homebutton.png */ = {isa = PBXFileReference; lastKnownFileType = image.png; path = homebutton.png; sourceTree = "<group>"; };
		3DE5014617F1229100FCB0F7 /* homefish.png */ = {isa = PBXFileReference; lastKnownFileType = image.png; path = homefish.png; sourceTree = "<group>"; };
		3DE5014717F1229100FCB0F7 /* line.png */ = {isa = PBXFileReference; lastKnownFileType = image.png; path = line.png; sourceTree = "<group>"; };
		3DE5014817F1229100FCB0F7 /* logo.png */ = {isa = PBXFileReference; lastKnownFileType = image.png; path = logo.png; sourceTree = "<group>"; };
		3DE5014917F1229200FCB0F7 /* navbar_bg.png */ = {isa = PBXFileReference; lastKnownFileType = image.png; path = navbar_bg.png; sourceTree = "<group>"; };
		3DE5014A17F1229200FCB0F7 /* net.png */ = {isa = PBXFileReference; lastKnownFileType = image.png; path = net.png; sourceTree = "<group>"; };
		3DE5014B17F1229200FCB0F7 /* nextarrow.png */ = {isa = PBXFileReference; lastKnownFileType = image.png; path = nextarrow.png; sourceTree = "<group>"; };
		3DE5014C17F1229200FCB0F7 /* note.png */ = {isa = PBXFileReference; lastKnownFileType = image.png; path = note.png; sourceTree = "<group>"; };
		3DE5014D17F1229200FCB0F7 /* part1a.png */ = {isa = PBXFileReference; lastKnownFileType = image.png; path = part1a.png; sourceTree = "<group>"; };
		3DE5014E17F1229200FCB0F7 /* part3.png */ = {isa = PBXFileReference; lastKnownFileType = image.png; path = part3.png; sourceTree = "<group>"; };
		3DE5014F17F1229200FCB0F7 /* pointer.png */ = {isa = PBXFileReference; lastKnownFileType = image.png; path = pointer.png; sourceTree = "<group>"; };
		3DE5015017F1229200FCB0F7 /* space.png */ = {isa = PBXFileReference; lastKnownFileType = image.png; path = space.png; sourceTree = "<group>"; };
		3DE5015117F1229200FCB0F7 /* tab1.png */ = {isa = PBXFileReference; lastKnownFileType = image.png; path = tab1.png; sourceTree = "<group>"; };
		3DE5015217F1229200FCB0F7 /* tab2.png */ = {isa = PBXFileReference; lastKnownFileType = image.png; path = tab2.png; sourceTree = "<group>"; };
		3DE5015317F1229200FCB0F7 /* tab3.png */ = {isa = PBXFileReference; lastKnownFileType = image.png; path = tab3.png; sourceTree = "<group>"; };
		3DE5015417F1229200FCB0F7 /* tab4.png */ = {isa = PBXFileReference; lastKnownFileType = image.png; path = tab4.png; sourceTree = "<group>"; };
		3DE5015517F1229200FCB0F7 /* tablearrow.png */ = {isa = PBXFileReference; lastKnownFileType = image.png; path = tablearrow.png; sourceTree = "<group>"; };
		3DE5015717F1229200FCB0F7 /* virool.png */ = {isa = PBXFileReference; lastKnownFileType = image.png; path = virool.png; sourceTree = "<group>"; };
		3DE5015817F1229200FCB0F7 /* wel_button.png */ = {isa = PBXFileReference; lastKnownFileType = image.png; path = wel_button.png; sourceTree = "<group>"; };
		3DE5015917F1229200FCB0F7 /* woarms.png */ = {isa = PBXFileReference; lastKnownFileType = image.png; path = woarms.png; sourceTree = "<group>"; };
/* End PBXFileReference section */

/* Begin PBXFrameworksBuildPhase section */
		3DE5010517F1215800FCB0F7 /* Frameworks */ = {
			isa = PBXFrameworksBuildPhase;
			buildActionMask = 2147483647;
			files = (
				3DE5010C17F1215800FCB0F7 /* UIKit.framework in Frameworks */,
				3DE5010E17F1215800FCB0F7 /* Foundation.framework in Frameworks */,
				3DE5011017F1215800FCB0F7 /* CoreGraphics.framework in Frameworks */,
			);
			runOnlyForDeploymentPostprocessing = 0;
		};
/* End PBXFrameworksBuildPhase section */

/* Begin PBXGroup section */
		3DE500FF17F1215800FCB0F7 = {
			isa = PBXGroup;
			children = (
				3DE5011117F1215800FCB0F7 /* Freel */,
				3DE5010A17F1215800FCB0F7 /* Frameworks */,
				3DE5010917F1215800FCB0F7 /* Products */,
			);
			sourceTree = "<group>";
		};
		3DE5010917F1215800FCB0F7 /* Products */ = {
			isa = PBXGroup;
			children = (
				3DE5010817F1215800FCB0F7 /* Freel.app */,
			);
			name = Products;
			sourceTree = "<group>";
		};
		3DE5010A17F1215800FCB0F7 /* Frameworks */ = {
			isa = PBXGroup;
			children = (
				3DE5010B17F1215800FCB0F7 /* UIKit.framework */,
				3DE5010D17F1215800FCB0F7 /* Foundation.framework */,
				3DE5010F17F1215800FCB0F7 /* CoreGraphics.framework */,
			);
			name = Frameworks;
			sourceTree = "<group>";
		};
		3DE5011117F1215800FCB0F7 /* Freel */ = {
			isa = PBXGroup;
			children = (
				3DE5011A17F1215800FCB0F7 /* FreelAppDelegate.h */,
				3DE5011B17F1215800FCB0F7 /* FreelAppDelegate.m */,
				18655B5317F14BE8007BD9CB /* SignUpViewController.h */,
				18655B5617F1A18B007BD9CB /* MainStoryboard_iphone5.storyboard */,
				18655B5417F14BE8007BD9CB /* SignUpViewController.m */,
				3DE5012317F1215800FCB0F7 /* MainStoryboard_iPhone.storyboard */,
				3DE5012617F1215800FCB0F7 /* MainStoryboard_iPad.storyboard */,
				3DE5012917F1215800FCB0F7 /* FreelViewController.h */,
				3DE5012A17F1215800FCB0F7 /* FreelViewController.m */,
				3DE5011217F1215800FCB0F7 /* Supporting Files */,
			);
			path = Freel;
			sourceTree = "<group>";
		};
		3DE5011217F1215800FCB0F7 /* Supporting Files */ = {
			isa = PBXGroup;
			children = (
				3DE5011317F1215800FCB0F7 /* Freel-Info.plist */,
				18655B5C17F29725007BD9CB /* email.png */,
				18655B5D17F29726007BD9CB /* lock.png */,
				18655B6E17F2B76D007BD9CB /* toolbar_home.png */,
				3DE3B88917F547C600AB0E57 /* dropdown.png */,
				18655B6417F2AC31007BD9CB /* back.png */,
				18655B5E17F29727007BD9CB /* user.png */,
				3DE5011417F1215800FCB0F7 /* InfoPlist.strings */,
				3DE5011717F1215800FCB0F7 /* main.m */,
				3DE5013517F1229100FCB0F7 /* back3.png */,
				18655B6617F2AE0C007BD9CB /* signup.png */,
				3DE5013617F1229100FCB0F7 /* backarrow.png */,
				18655B6C17F2B654007BD9CB /* home_w.png */,
				3DE5013717F1229100FCB0F7 /* background..jpg */,
				3DE5013817F1229100FCB0F7 /* ballon.png */,
				3DE5013917F1229100FCB0F7 /* blue.png */,
				3DE5013A17F1229100FCB0F7 /* button_back.png */,
				3DE5013B17F1229100FCB0F7 /* deepseafish.png */,
				3DE5013C17F1229100FCB0F7 /* deepseaship.png */,
				3DE5013D17F1229100FCB0F7 /* dolar.png */,
				3DE5013E17F1229100FCB0F7 /* earnfish.png */,
				3DE5013F17F1229100FCB0F7 /* fblogo.png */,
				3DE5014017F1229100FCB0F7 /* fish1.png */,
				3DE5014117F1229100FCB0F7 /* fish2.png */,
				3DE5014217F1229100FCB0F7 /* fish3.png */,
				3DE5014317F1229100FCB0F7 /* fish22.png */,
				3DE5014417F1229100FCB0F7 /* friendzoom.png */,
				3DE5014517F1229100FCB0F7 /* homebutton.png */,
				3DE5014617F1229100FCB0F7 /* homefish.png */,
				3DE5014717F1229100FCB0F7 /* line.png */,
				3DE5014817F1229100FCB0F7 /* logo.png */,
				3DE5014917F1229200FCB0F7 /* navbar_bg.png */,
				18655B6817F2AFBD007BD9CB /* Button.png */,
				3DE5014A17F1229200FCB0F7 /* net.png */,
				3DE5014B17F1229200FCB0F7 /* nextarrow.png */,
				3DE5014C17F1229200FCB0F7 /* note.png */,
				3DE5014D17F1229200FCB0F7 /* part1a.png */,
				3DE5014E17F1229200FCB0F7 /* part3.png */,
				3DE5014F17F1229200FCB0F7 /* pointer.png */,
				3DE5015017F1229200FCB0F7 /* space.png */,
				3DE5015117F1229200FCB0F7 /* tab1.png */,
				3DE5015217F1229200FCB0F7 /* tab2.png */,
				3DE5015317F1229200FCB0F7 /* tab3.png */,
				3DE5015417F1229200FCB0F7 /* tab4.png */,
				3DE5015517F1229200FCB0F7 /* tablearrow.png */,
				3DE5015717F1229200FCB0F7 /* virool.png */,
				3DE5015817F1229200FCB0F7 /* wel_button.png */,
				3DE5015917F1229200FCB0F7 /* woarms.png */,
				3DE5011917F1215800FCB0F7 /* Freel-Prefix.pch */,
				3DE5011D17F1215800FCB0F7 /* Default.png */,
				3DE5011F17F1215800FCB0F7 /* Default@2x.png */,
				3DE5012117F1215800FCB0F7 /* Default-568h@2x.png */,
			);
			name = "Supporting Files";
			sourceTree = "<group>";
		};
/* End PBXGroup section */

/* Begin PBXNativeTarget section */
		3DE5010717F1215800FCB0F7 /* Freel */ = {
			isa = PBXNativeTarget;
			buildConfigurationList = 3DE5012E17F1215800FCB0F7 /* Build configuration list for PBXNativeTarget "Freel" */;
			buildPhases = (
				3DE5010417F1215800FCB0F7 /* Sources */,
				3DE5010517F1215800FCB0F7 /* Frameworks */,
				3DE5010617F1215800FCB0F7 /* Resources */,
			);
			buildRules = (
			);
			dependencies = (
			);
			name = Freel;
			productName = Freel;
			productReference = 3DE5010817F1215800FCB0F7 /* Freel.app */;
			productType = "com.apple.product-type.application";
		};
/* End PBXNativeTarget section */

/* Begin PBXProject section */
		3DE5010017F1215800FCB0F7 /* Project object */ = {
			isa = PBXProject;
			attributes = {
				CLASSPREFIX = Freel;
				LastUpgradeCheck = 0460;
				ORGANIZATIONNAME = VVDN;
			};
			buildConfigurationList = 3DE5010317F1215800FCB0F7 /* Build configuration list for PBXProject "Freel" */;
			compatibilityVersion = "Xcode 3.2";
			developmentRegion = English;
			hasScannedForEncodings = 0;
			knownRegions = (
				en,
			);
			mainGroup = 3DE500FF17F1215800FCB0F7;
			productRefGroup = 3DE5010917F1215800FCB0F7 /* Products */;
			projectDirPath = "";
			projectRoot = "";
			targets = (
				3DE5010717F1215800FCB0F7 /* Freel */,
			);
		};
/* End PBXProject section */

/* Begin PBXResourcesBuildPhase section */
		3DE5010617F1215800FCB0F7 /* Resources */ = {
			isa = PBXResourcesBuildPhase;
			buildActionMask = 2147483647;
			files = (
				3DE5011617F1215800FCB0F7 /* InfoPlist.strings in Resources */,
				3DE5011E17F1215800FCB0F7 /* Default.png in Resources */,
				3DE5012017F1215800FCB0F7 /* Default@2x.png in Resources */,
				3DE5012217F1215800FCB0F7 /* Default-568h@2x.png in Resources */,
				3DE5012517F1215800FCB0F7 /* MainStoryboard_iPhone.storyboard in Resources */,
				3DE5012817F1215800FCB0F7 /* MainStoryboard_iPad.storyboard in Resources */,
				3DE5015A17F1229200FCB0F7 /* back3.png in Resources */,
				3DE5015B17F1229200FCB0F7 /* backarrow.png in Resources */,
				3DE5015C17F1229200FCB0F7 /* background..jpg in Resources */,
				3DE5015D17F1229200FCB0F7 /* ballon.png in Resources */,
				3DE5015E17F1229200FCB0F7 /* blue.png in Resources */,
				3DE5015F17F1229200FCB0F7 /* button_back.png in Resources */,
				3DE5016017F1229200FCB0F7 /* deepseafish.png in Resources */,
				3DE5016117F1229200FCB0F7 /* deepseaship.png in Resources */,
				3DE5016217F1229200FCB0F7 /* dolar.png in Resources */,
				3DE5016317F1229200FCB0F7 /* earnfish.png in Resources */,
				3DE5016417F1229200FCB0F7 /* fblogo.png in Resources */,
				3DE5016517F1229200FCB0F7 /* fish1.png in Resources */,
				3DE5016617F1229200FCB0F7 /* fish2.png in Resources */,
				3DE5016717F1229200FCB0F7 /* fish3.png in Resources */,
				3DE5016817F1229200FCB0F7 /* fish22.png in Resources */,
				3DE5016917F1229200FCB0F7 /* friendzoom.png in Resources */,
				3DE5016A17F1229200FCB0F7 /* homebutton.png in Resources */,
				3DE5016B17F1229200FCB0F7 /* homefish.png in Resources */,
				3DE5016C17F1229200FCB0F7 /* line.png in Resources */,
				3DE5016D17F1229200FCB0F7 /* logo.png in Resources */,
				3DE5016E17F1229200FCB0F7 /* navbar_bg.png in Resources */,
				3DE5016F17F1229200FCB0F7 /* net.png in Resources */,
				3DE5017017F1229200FCB0F7 /* nextarrow.png in Resources */,
				3DE5017117F1229200FCB0F7 /* note.png in Resources */,
				3DE5017217F1229200FCB0F7 /* part1a.png in Resources */,
				3DE5017317F1229200FCB0F7 /* part3.png in Resources */,
				3DE5017417F1229200FCB0F7 /* pointer.png in Resources */,
				3DE5017517F1229200FCB0F7 /* space.png in Resources */,
				3DE5017617F1229200FCB0F7 /* tab1.png in Resources */,
				3DE5017717F1229200FCB0F7 /* tab2.png in Resources */,
				3DE5017817F1229200FCB0F7 /* tab3.png in Resources */,
				3DE5017917F1229200FCB0F7 /* tab4.png in Resources */,
				3DE5017A17F1229200FCB0F7 /* tablearrow.png in Resources */,
				3DE5017C17F1229200FCB0F7 /* virool.png in Resources */,
				3DE5017D17F1229200FCB0F7 /* wel_button.png in Resources */,
				3DE5017E17F1229200FCB0F7 /* woarms.png in Resources */,
				18655B5717F1A18B007BD9CB /* MainStoryboard_iphone5.storyboard in Resources */,
				18655B5F17F29728007BD9CB /* email.png in Resources */,
				18655B6017F29728007BD9CB /* lock.png in Resources */,
				18655B6117F29728007BD9CB /* user.png in Resources */,
				18655B6517F2AC31007BD9CB /* back.png in Resources */,
				18655B6717F2AE0C007BD9CB /* signup.png in Resources */,
				18655B6917F2AFBD007BD9CB /* Button.png in Resources */,
				18655B6D17F2B654007BD9CB /* home_w.png in Resources */,
				18655B6F17F2B76D007BD9CB /* toolbar_home.png in Resources */,
				3DE3B88A17F547C600AB0E57 /* dropdown.png in Resources */,
			);
			runOnlyForDeploymentPostprocessing = 0;
		};
/* End PBXResourcesBuildPhase section */

/* Begin PBXSourcesBuildPhase section */
		3DE5010417F1215800FCB0F7 /* Sources */ = {
			isa = PBXSourcesBuildPhase;
			buildActionMask = 2147483647;
			files = (
				3DE5011817F1215800FCB0F7 /* main.m in Sources */,
				3DE5011C17F1215800FCB0F7 /* FreelAppDelegate.m in Sources */,
				3DE5012B17F1215800FCB0F7 /* FreelViewController.m in Sources */,
				18655B5517F14BE8007BD9CB /* SignUpViewController.m in Sources */,
			);
			runOnlyForDeploymentPostprocessing = 0;
		};
/* End PBXSourcesBuildPhase section */

/* Begin PBXVariantGroup section */
		3DE5011417F1215800FCB0F7 /* InfoPlist.strings */ = {
			isa = PBXVariantGroup;
			children = (
				3DE5011517F1215800FCB0F7 /* en */,
			);
			name = InfoPlist.strings;
			sourceTree = "<group>";
		};
		3DE5012317F1215800FCB0F7 /* MainStoryboard_iPhone.storyboard */ = {
			isa = PBXVariantGroup;
			children = (
				3DE5012417F1215800FCB0F7 /* en */,
			);
			name = MainStoryboard_iPhone.storyboard;
			sourceTree = "<group>";
		};
		3DE5012617F1215800FCB0F7 /* MainStoryboard_iPad.storyboard */ = {
			isa = PBXVariantGroup;
			children = (
				3DE5012717F1215800FCB0F7 /* en */,
			);
			name = MainStoryboard_iPad.storyboard;
			sourceTree = "<group>";
		};
/* End PBXVariantGroup section */

/* Begin XCBuildConfiguration section */
		3DE5012C17F1215800FCB0F7 /* Debug */ = {
			isa = XCBuildConfiguration;
			buildSettings = {
				ALWAYS_SEARCH_USER_PATHS = NO;
				CLANG_CXX_LANGUAGE_STANDARD = "gnu++0x";
				CLANG_CXX_LIBRARY = "libc++";
				CLANG_ENABLE_OBJC_ARC = YES;
				CLANG_WARN_CONSTANT_CONVERSION = YES;
				CLANG_WARN_EMPTY_BODY = YES;
				CLANG_WARN_ENUM_CONVERSION = YES;
				CLANG_WARN_INT_CONVERSION = YES;
				CLANG_WARN__DUPLICATE_METHOD_MATCH = YES;
				CODE_SIGN_IDENTITY = "iPhone Developer: Pramod Dabir (DYSQ2QBX9T)";
				"CODE_SIGN_IDENTITY[sdk=iphoneos*]" = "iPhone Developer: Pramod Dabir (DYSQ2QBX9T)";
				COPY_PHASE_STRIP = NO;
				GCC_C_LANGUAGE_STANDARD = gnu99;
				GCC_DYNAMIC_NO_PIC = NO;
				GCC_OPTIMIZATION_LEVEL = 0;
				GCC_PREPROCESSOR_DEFINITIONS = (
					"DEBUG=1",
					"$(inherited)",
				);
				GCC_SYMBOLS_PRIVATE_EXTERN = NO;
				GCC_WARN_ABOUT_RETURN_TYPE = YES;
				GCC_WARN_UNINITIALIZED_AUTOS = YES;
				GCC_WARN_UNUSED_VARIABLE = YES;
				IPHONEOS_DEPLOYMENT_TARGET = 5.0;
				ONLY_ACTIVE_ARCH = YES;
				PROVISIONING_PROFILE = "EC9BE002-D1E9-446F-A7AB-52427B6B63AC";
				"PROVISIONING_PROFILE[sdk=iphoneos*]" = "EC9BE002-D1E9-446F-A7AB-52427B6B63AC";
				SDKROOT = iphoneos;
				TARGETED_DEVICE_FAMILY = "1,2";
			};
			name = Debug;
		};
		3DE5012D17F1215800FCB0F7 /* Release */ = {
			isa = XCBuildConfiguration;
			buildSettings = {
				ALWAYS_SEARCH_USER_PATHS = NO;
				CLANG_CXX_LANGUAGE_STANDARD = "gnu++0x";
				CLANG_CXX_LIBRARY = "libc++";
				CLANG_ENABLE_OBJC_ARC = YES;
				CLANG_WARN_CONSTANT_CONVERSION = YES;
				CLANG_WARN_EMPTY_BODY = YES;
				CLANG_WARN_ENUM_CONVERSION = YES;
				CLANG_WARN_INT_CONVERSION = YES;
				CLANG_WARN__DUPLICATE_METHOD_MATCH = YES;
				CODE_SIGN_IDENTITY = "iPhone Developer: Pramod Dabir (DYSQ2QBX9T)";
				"CODE_SIGN_IDENTITY[sdk=iphoneos*]" = "iPhone Developer: Pramod Dabir (DYSQ2QBX9T)";
				COPY_PHASE_STRIP = YES;
				GCC_C_LANGUAGE_STANDARD = gnu99;
				GCC_WARN_ABOUT_RETURN_TYPE = YES;
				GCC_WARN_UNINITIALIZED_AUTOS = YES;
				GCC_WARN_UNUSED_VARIABLE = YES;
				IPHONEOS_DEPLOYMENT_TARGET = 5.0;
				OTHER_CFLAGS = "-DNS_BLOCK_ASSERTIONS=1";
				PROVISIONING_PROFILE = "EC9BE002-D1E9-446F-A7AB-52427B6B63AC";
				"PROVISIONING_PROFILE[sdk=iphoneos*]" = "EC9BE002-D1E9-446F-A7AB-52427B6B63AC";
				SDKROOT = iphoneos;
				TARGETED_DEVICE_FAMILY = "1,2";
				VALIDATE_PRODUCT = YES;
			};
			name = Release;
		};
		3DE5012F17F1215800FCB0F7 /* Debug */ = {
			isa = XCBuildConfiguration;
			buildSettings = {
				GCC_PRECOMPILE_PREFIX_HEADER = YES;
				GCC_PREFIX_HEADER = "Freel/Freel-Prefix.pch";
				INFOPLIST_FILE = "Freel/Freel-Info.plist";
				IPHONEOS_DEPLOYMENT_TARGET = 6.1;
				PRODUCT_NAME = "$(TARGET_NAME)";
				TARGETED_DEVICE_FAMILY = "1,2";
				WRAPPER_EXTENSION = app;
			};
			name = Debug;
		};
		3DE5013017F1215800FCB0F7 /* Release */ = {
			isa = XCBuildConfiguration;
			buildSettings = {
				GCC_PRECOMPILE_PREFIX_HEADER = YES;
				GCC_PREFIX_HEADER = "Freel/Freel-Prefix.pch";
				INFOPLIST_FILE = "Freel/Freel-Info.plist";
				IPHONEOS_DEPLOYMENT_TARGET = 6.1;
				PRODUCT_NAME = "$(TARGET_NAME)";
				TARGETED_DEVICE_FAMILY = "1,2";
				WRAPPER_EXTENSION = app;
			};
			name = Release;
		};
/* End XCBuildConfiguration section */

/* Begin XCConfigurationList section */
		3DE5010317F1215800FCB0F7 /* Build configuration list for PBXProject "Freel" */ = {
			isa = XCConfigurationList;
			buildConfigurations = (
				3DE5012C17F1215800FCB0F7 /* Debug */,
				3DE5012D17F1215800FCB0F7 /* Release */,
			);
			defaultConfigurationIsVisible = 0;
			defaultConfigurationName = Release;
		};
		3DE5012E17F1215800FCB0F7 /* Build configuration list for PBXNativeTarget "Freel" */ = {
			isa = XCConfigurationList;
			buildConfigurations = (
				3DE5012F17F1215800FCB0F7 /* Debug */,
				3DE5013017F1215800FCB0F7 /* Release */,
			);
			defaultConfigurationIsVisible = 0;
			defaultConfigurationName = Release;
		};
/* End XCConfigurationList section */
	};
	rootObject = 3DE5010017F1215800FCB0F7 /* Project object */;
}
